{
  "version": 4,
  "terraform_version": "1.15.5",
  "serial": 4,
  "lineage": "f48d1c6f-47c0-125d-b38e-f66bdf65c432",
  "outputs": {},
  "resources": [
    {
      "mode": "managed",
      "type": "azurerm_resource_group",
      "name": "rg",
      "provider": "provider[\"registry.terraform.io/hashicorp/azurerm\"]",
      "instances": [
        {
          "schema_version": 0,
          "attributes": {
            "id": "/subscriptions/5b4d5bc1-2fb6-45f2-b327-f33482a310ca/resourceGroups/rg-storage-demo",
            "location": "centralus",
            "managed_by": "",
            "name": "rg-storage-demo",
            "tags": null,
            "timeouts": null
          },
          "sensitive_attributes": [],
          "identity_schema_version": 0,
          "identity": {
            "name": "rg-storage-demo",
            "subscription_id": "5b4d5bc1-2fb6-45f2-b327-f33482a310ca"
          },
          "private": "eyJlMmJmYjczMC1lY2FhLTExZTYtOGY4OC0zNDM2M2JjN2M0YzAiOnsiY3JlYXRlIjo1NDAwMDAwMDAwMDAwLCJkZWxldGUiOjU0MDAwMDAwMDAwMDAsInJlYWQiOjMwMDAwMDAwMDAwMCwidXBkYXRlIjo1NDAwMDAwMDAwMDAwfX0="
        }
      ]
    },
    {
      "mode": "managed",
      "type": "azurerm_storage_account",
      "name": "storage",
      "provider": "provider[\"registry.terraform.io/hashicorp/azurerm\"]",
      "instances": [
        {
          "schema_version": 4,
          "attributes": {
            "access_tier": "Hot",
            "account_kind": "StorageV2",
            "account_replication_type": "LRS",
            "account_tier": "Standard",
            "allow_nested_items_to_be_public": true,
            "allowed_copy_scope": "",
            "azure_files_authentication": [],
            "blob_properties": [
              {
                "change_feed_enabled": false,
                "change_feed_retention_in_days": 0,
                "container_delete_retention_policy": [],
                "cors_rule": [],
                "default_service_version": "",
                "delete_retention_policy": [],
                "last_access_time_enabled": false,
                "restore_policy": [],
                "versioning_enabled": false
              }
            ],
            "cross_tenant_replication_enabled": false,
            "custom_domain": [],
            "customer_managed_key": [],
            "default_to_oauth_authentication": false,
            "dns_endpoint_type": "Standard",
            "edge_zone": "",
            "https_traffic_only_enabled": true,
            "id": "/subscriptions/5b4d5bc1-2fb6-45f2-b327-f33482a310ca/resourceGroups/rg-storage-demo/providers/Microsoft.Storage/storageAccounts/tfstorageacctdemo1234",
            "identity": [],
            "immutability_policy": [],
            "infrastructure_encryption_enabled": false,
            "is_hns_enabled": false,
            "large_file_share_enabled": false,
            "local_user_enabled": true,
            "location": "centralus",
            "min_tls_version": "TLS1_2",
            "name": "tfstorageacctdemo1234",
            "network_rules": [],
            "nfsv3_enabled": false,
            "primary_access_key": "ZC1hnWYCVTz5tEsYjAOL20P5cDdEK08eWZj/8WRB+WURyprhADFqSI/LfktrwHiJGDZh/KsJ5+Bz+AStNZSycQ==",
            "primary_blob_connection_string": "DefaultEndpointsProtocol=https;BlobEndpoint=https://tfstorageacctdemo1234.blob.core.windows.net/;AccountName=tfstorageacctdemo1234;AccountKey=ZC1hnWYCVTz5tEsYjAOL20P5cDdEK08eWZj/8WRB+WURyprhADFqSI/LfktrwHiJGDZh/KsJ5+Bz+AStNZSycQ==",
            "primary_blob_endpoint": "https://tfstorageacctdemo1234.blob.core.windows.net/",
            "primary_blob_host": "tfstorageacctdemo1234.blob.core.windows.net",
            "primary_blob_internet_endpoint": "",
            "primary_blob_internet_host": "",
            "primary_blob_microsoft_endpoint": "",
            "primary_blob_microsoft_host": "",
            "primary_connection_string": "DefaultEndpointsProtocol=https;AccountName=tfstorageacctdemo1234;AccountKey=ZC1hnWYCVTz5tEsYjAOL20P5cDdEK08eWZj/8WRB+WURyprhADFqSI/LfktrwHiJGDZh/KsJ5+Bz+AStNZSycQ==;EndpointSuffix=core.windows.net",
            "primary_dfs_endpoint": "https://tfstorageacctdemo1234.dfs.core.windows.net/",
            "primary_dfs_host": "tfstorageacctdemo1234.dfs.core.windows.net",
            "primary_dfs_internet_endpoint": "",
            "primary_dfs_internet_host": "",
            "primary_dfs_microsoft_endpoint": "",
            "primary_dfs_microsoft_host": "",
            "primary_file_endpoint": "https://tfstorageacctdemo1234.file.core.windows.net/",
            "primary_file_host": "tfstorageacctdemo1234.file.core.windows.net",
            "primary_file_internet_endpoint": "",
            "primary_file_internet_host": "",
            "primary_file_microsoft_endpoint": "",
            "primary_file_microsoft_host": "",
            "primary_location": "centralus",
            "primary_queue_endpoint": "https://tfstorageacctdemo1234.queue.core.windows.net/",
            "primary_queue_host": "tfstorageacctdemo1234.queue.core.windows.net",
            "primary_queue_microsoft_endpoint": "",
            "primary_queue_microsoft_host": "",
            "primary_table_endpoint": "https://tfstorageacctdemo1234.table.core.windows.net/",
            "primary_table_host": "tfstorageacctdemo1234.table.core.windows.net",
            "primary_table_microsoft_endpoint": "",
            "primary_table_microsoft_host": "",
            "primary_web_endpoint": "https://tfstorageacctdemo1234.z19.web.core.windows.net/",
            "primary_web_host": "tfstorageacctdemo1234.z19.web.core.windows.net",
            "primary_web_internet_endpoint": "",
            "primary_web_internet_host": "",
            "primary_web_microsoft_endpoint": "",
            "primary_web_microsoft_host": "",
            "provisioned_billing_model_version": "",
            "public_network_access_enabled": true,
            "queue_encryption_key_type": "Service",
            "queue_properties": [
              {
                "cors_rule": [],
                "hour_metrics": [
                  {
                    "enabled": false,
                    "include_apis": false,
                    "retention_policy_days": 0,
                    "version": "1.0"
                  }
                ],
                "logging": [
                  {
                    "delete": false,
                    "read": false,
                    "retention_policy_days": 0,
                    "version": "1.0",
                    "write": false
                  }
                ],
                "minute_metrics": [
                  {
                    "enabled": false,
                    "include_apis": false,
                    "retention_policy_days": 0,
                    "version": "1.0"
                  }
                ]
              }
            ],
            "resource_group_name": "rg-storage-demo",
            "routing": [],
            "sas_policy": [],
            "secondary_access_key": "zuFGCMKG4DOm0fpKkn06fEyPss8R9PElAmbP858S5TCruAdlF3oX0SGldK7R38oTDOfK+SXy9KaV+AStBK9PyQ==",
            "secondary_blob_connection_string": "",
            "secondary_blob_endpoint": "",
            "secondary_blob_host": "",
            "secondary_blob_internet_endpoint": "",
            "secondary_blob_internet_host": "",
            "secondary_blob_microsoft_endpoint": "",
            "secondary_blob_microsoft_host": "",
            "secondary_connection_string": "DefaultEndpointsProtocol=https;AccountName=tfstorageacctdemo1234;AccountKey=zuFGCMKG4DOm0fpKkn06fEyPss8R9PElAmbP858S5TCruAdlF3oX0SGldK7R38oTDOfK+SXy9KaV+AStBK9PyQ==;EndpointSuffix=core.windows.net",
            "secondary_dfs_endpoint": "",
            "secondary_dfs_host": "",
            "secondary_dfs_internet_endpoint": "",
            "secondary_dfs_internet_host": "",
            "secondary_dfs_microsoft_endpoint": "",
            "secondary_dfs_microsoft_host": "",
            "secondary_file_endpoint": "",
            "secondary_file_host": "",
            "secondary_file_internet_endpoint": "",
            "secondary_file_internet_host": "",
            "secondary_file_microsoft_endpoint": "",
            "secondary_file_microsoft_host": "",
            "secondary_location": "",
            "secondary_queue_endpoint": "",
            "secondary_queue_host": "",
            "secondary_queue_microsoft_endpoint": "",
            "secondary_queue_microsoft_host": "",
            "secondary_table_endpoint": "",
            "secondary_table_host": "",
            "secondary_table_microsoft_endpoint": "",
            "secondary_table_microsoft_host": "",
            "secondary_web_endpoint": "",
            "secondary_web_host": "",
            "secondary_web_internet_endpoint": "",
            "secondary_web_internet_host": "",
            "secondary_web_microsoft_endpoint": "",
            "secondary_web_microsoft_host": "",
            "sftp_enabled": false,
            "share_properties": [
              {
                "cors_rule": [],
                "retention_policy": [
                  {
                    "days": 7
                  }
                ],
                "smb": []
              }
            ],
            "shared_access_key_enabled": true,
            "static_website": [],
            "table_encryption_key_type": "Service",
            "tags": null,
            "timeouts": null
          },
          "sensitive_attributes": [
            [
              {
                "type": "get_attr",
                "value": "primary_access_key"
              }
            ],
            [
              {
                "type": "get_attr",
                "value": "primary_blob_connection_string"
              }
            ],
            [
              {
                "type": "get_attr",
                "value": "primary_connection_string"
              }
            ],
            [
              {
                "type": "get_attr",
                "value": "secondary_access_key"
              }
            ],
            [
              {
                "type": "get_attr",
                "value": "secondary_blob_connection_string"
              }
            ],
            [
              {
                "type": "get_attr",
                "value": "secondary_connection_string"
              }
            ]
          ],
          "identity_schema_version": 0,
          "identity": {
            "name": "tfstorageacctdemo1234",
            "resource_group_name": "rg-storage-demo",
            "subscription_id": "5b4d5bc1-2fb6-45f2-b327-f33482a310ca"
          },
          "private": "eyJlMmJmYjczMC1lY2FhLTExZTYtOGY4OC0zNDM2M2JjN2M0YzAiOnsiY3JlYXRlIjozNjAwMDAwMDAwMDAwLCJkZWxldGUiOjM2MDAwMDAwMDAwMDAsInJlYWQiOjMwMDAwMDAwMDAwMCwidXBkYXRlIjozNjAwMDAwMDAwMDAwfSwic2NoZW1hX3ZlcnNpb24iOiI0In0=",
          "dependencies": [
            "azurerm_resource_group.rg"
          ]
        }
      ]
    },
    {
      "mode": "managed",
      "type": "azurerm_storage_container",
      "name": "container",
      "provider": "provider[\"registry.terraform.io/hashicorp/azurerm\"]",
      "instances": [
        {
          "schema_version": 1,
          "attributes": {
            "container_access_type": "private",
            "default_encryption_scope": "$account-encryption-key",
            "encryption_scope_override_enabled": true,
            "has_immutability_policy": false,
            "has_legal_hold": false,
            "id": "/subscriptions/5b4d5bc1-2fb6-45f2-b327-f33482a310ca/resourceGroups/rg-storage-demo/providers/Microsoft.Storage/storageAccounts/tfstorageacctdemo1234/blobServices/default/containers/tfstate",
            "metadata": {},
            "name": "tfstate",
            "resource_manager_id": "/subscriptions/5b4d5bc1-2fb6-45f2-b327-f33482a310ca/resourceGroups/rg-storage-demo/providers/Microsoft.Storage/storageAccounts/tfstorageacctdemo1234/blobServices/default/containers/tfstate",
            "storage_account_id": "/subscriptions/5b4d5bc1-2fb6-45f2-b327-f33482a310ca/resourceGroups/rg-storage-demo/providers/Microsoft.Storage/storageAccounts/tfstorageacctdemo1234",
            "storage_account_name": "",
            "timeouts": null
          },
          "sensitive_attributes": [],
          "identity_schema_version": 0,
          "private": "eyJlMmJmYjczMC1lY2FhLTExZTYtOGY4OC0zNDM2M2JjN2M0YzAiOnsiY3JlYXRlIjoxODAwMDAwMDAwMDAwLCJkZWxldGUiOjE4MDAwMDAwMDAwMDAsInJlYWQiOjMwMDAwMDAwMDAwMCwidXBkYXRlIjoxODAwMDAwMDAwMDAwfSwic2NoZW1hX3ZlcnNpb24iOiIxIn0=",
          "dependencies": [
            "azurerm_resource_group.rg",
            "azurerm_storage_account.storage"
          ]
        }
      ]
    }
  ],
  "check_results": null
}
